
Microsoft Visual Studio Solution File, Format Version 12.00
Project("{FAE04EC0-301F-11D3-BF4B-00C04F79EFBC}") = "Trade", "Trade\Trade.csproj", "{BC26775A-3CA8-43E5-A797-F1072839EDDA}"
EndProject
Project("{FAE04EC0-301F-11D3-BF4B-00C04F79EFBC}") = "Trade.Data", "Trade.Data\Trade.Data.csproj", "{65F31125-CC19-49A9-AF18-29C983341C2D}"
EndProject
Global
	GlobalSection(SolutionConfigurationPlatforms) = preSolution
		Debug|Any CPU = Debug|Any CPU
		Release|Any CPU = Release|Any CPU
	EndGlobalSection
	GlobalSection(ProjectConfigurationPlatforms) = postSolution
		{BC26775A-3CA8-43E5-A797-F1072839EDDA}.Debug|Any CPU.ActiveCfg = Debug|Any CPU
		{BC26775A-3CA8-43E5-A797-F1072839EDDA}.Debug|Any CPU.Build.0 = Debug|Any CPU
		{BC26775A-3CA8-43E5-A797-F1072839EDDA}.Release|Any CPU.ActiveCfg = Release|Any CPU
		{BC26775A-3CA8-43E5-A797-F1072839EDDA}.Release|Any CPU.Build.0 = Release|Any CPU
		{65F31125-CC19-49A9-AF18-29C983341C2D}.Debug|Any CPU.ActiveCfg = Debug|Any CPU
		{65F31125-CC19-49A9-AF18-29C983341C2D}.Debug|Any CPU.Build.0 = Debug|Any CPU
		{65F31125-CC19-49A9-AF18-29C983341C2D}.Release|Any CPU.ActiveCfg = Release|Any CPU
		{65F31125-CC19-49A9-AF18-29C983341C2D}.Release|Any CPU.Build.0 = Release|Any CPU
	EndGlobalSection
EndGlobal
